// !$*UTF8*$!
{
	archiveVersion = 1;
	classes = {
	};
	objectVersion = 50;
	objects = {

/* Begin PBXBuildFile section */
		F52C5E5921C9322200E19FF8 /* SWInflateLayout.swift in Sources */ = {isa = PBXBuildFile; fileRef = F5AF55EC21C7A8BB0098CCD7 /* SWInflateLayout.swift */; };
		F53A93C821CB7A34005ECF25 /* SwinflateTests.m in Sources */ = {isa = PBXBuildFile; fileRef = F53A93C721CB7A34005ECF25 /* SwinflateTests.m */; };
		F53A93CA21CB7A34005ECF25 /* Swinflate.framework in Frameworks */ = {isa = PBXBuildFile; fileRef = F5AF55E121C7A8240098CCD7 /* Swinflate.framework */; };
		F53A93D121CB7A61005ECF25 /* SWInflateLayoutUnitTest.swift in Sources */ = {isa = PBXBuildFile; fileRef = F53A93D021CB7A61005ECF25 /* SWInflateLayoutUnitTest.swift */; };
		F53A93D321CB8FD9005ECF25 /* SWHorizontalStackLayout.swift in Sources */ = {isa = PBXBuildFile; fileRef = F53A93D221CB8FD9005ECF25 /* SWHorizontalStackLayout.swift */; };
		F557831A21E3523A00E9A8C7 /* AppDelegate.swift in Sources */ = {isa = PBXBuildFile; fileRef = F557831921E3523A00E9A8C7 /* AppDelegate.swift */; };
		F557831C21E3523A00E9A8C7 /* MainViewController.swift in Sources */ = {isa = PBXBuildFile; fileRef = F557831B21E3523A00E9A8C7 /* MainViewController.swift */; };
		F557831F21E3523A00E9A8C7 /* Main.storyboard in Resources */ = {isa = PBXBuildFile; fileRef = F557831D21E3523A00E9A8C7 /* Main.storyboard */; };
		F557832121E3523D00E9A8C7 /* Assets.xcassets in Resources */ = {isa = PBXBuildFile; fileRef = F557832021E3523D00E9A8C7 /* Assets.xcassets */; };
		F557832421E3523D00E9A8C7 /* LaunchScreen.storyboard in Resources */ = {isa = PBXBuildFile; fileRef = F557832221E3523D00E9A8C7 /* LaunchScreen.storyboard */; };
		F557834621E3592E00E9A8C7 /* SwinflateExample.swift in Sources */ = {isa = PBXBuildFile; fileRef = F557834521E3592E00E9A8C7 /* SwinflateExample.swift */; };
		F557834821E35C2200E9A8C7 /* StackLayoutViewController.swift in Sources */ = {isa = PBXBuildFile; fileRef = F557834721E35C2200E9A8C7 /* StackLayoutViewController.swift */; };
		F557834A21E35C6000E9A8C7 /* Swinflate.framework in Frameworks */ = {isa = PBXBuildFile; fileRef = F5AF55E121C7A8240098CCD7 /* Swinflate.framework */; };
		F557834C21E35C8A00E9A8C7 /* BasicCollectionViewCell.swift in Sources */ = {isa = PBXBuildFile; fileRef = F557834B21E35C8A00E9A8C7 /* BasicCollectionViewCell.swift */; };
		F557834E21E3616C00E9A8C7 /* UIColor+Extensions.swift in Sources */ = {isa = PBXBuildFile; fileRef = F557834D21E3616C00E9A8C7 /* UIColor+Extensions.swift */; };
		F557834F21E363E800E9A8C7 /* Swinflate.framework in Frameworks */ = {isa = PBXBuildFile; fileRef = F5AF55E121C7A8240098CCD7 /* Swinflate.framework */; };
		F557835021E363E800E9A8C7 /* Swinflate.framework in Embed Frameworks */ = {isa = PBXBuildFile; fileRef = F5AF55E121C7A8240098CCD7 /* Swinflate.framework */; settings = {ATTRIBUTES = (CodeSignOnCopy, RemoveHeadersOnCopy, ); }; };
		F557835B21E3654F00E9A8C7 /* SwinflateUITests.swift in Sources */ = {isa = PBXBuildFile; fileRef = F557835A21E3654F00E9A8C7 /* SwinflateUITests.swift */; };
		F557836321E36F1C00E9A8C7 /* InflateLayoutViewController.swift in Sources */ = {isa = PBXBuildFile; fileRef = F557836221E36F1C00E9A8C7 /* InflateLayoutViewController.swift */; };
		F5AF55E621C7A8240098CCD7 /* Swinflate.h in Headers */ = {isa = PBXBuildFile; fileRef = F5AF55E421C7A8240098CCD7 /* Swinflate.h */; settings = {ATTRIBUTES = (Public, ); }; };
/* End PBXBuildFile section */

/* Begin PBXContainerItemProxy section */
		F53A93CB21CB7A34005ECF25 /* PBXContainerItemProxy */ = {
			isa = PBXContainerItemProxy;
			containerPortal = F5AF55D821C7A8240098CCD7 /* Project object */;
			proxyType = 1;
			remoteGlobalIDString = F5AF55E021C7A8240098CCD7;
			remoteInfo = Swinflate;
		};
		F557832B21E3523E00E9A8C7 /* PBXContainerItemProxy */ = {
			isa = PBXContainerItemProxy;
			containerPortal = F5AF55D821C7A8240098CCD7 /* Project object */;
			proxyType = 1;
			remoteGlobalIDString = F557831621E3523A00E9A8C7;
			remoteInfo = Example;
		};
		F557833621E3523E00E9A8C7 /* PBXContainerItemProxy */ = {
			isa = PBXContainerItemProxy;
			containerPortal = F5AF55D821C7A8240098CCD7 /* Project object */;
			proxyType = 1;
			remoteGlobalIDString = F557831621E3523A00E9A8C7;
			remoteInfo = Example;
		};
		F557835121E363E800E9A8C7 /* PBXContainerItemProxy */ = {
			isa = PBXContainerItemProxy;
			containerPortal = F5AF55D821C7A8240098CCD7 /* Project object */;
			proxyType = 1;
			remoteGlobalIDString = F5AF55E021C7A8240098CCD7;
			remoteInfo = Swinflate;
		};
		F557835D21E3654F00E9A8C7 /* PBXContainerItemProxy */ = {
			isa = PBXContainerItemProxy;
			containerPortal = F5AF55D821C7A8240098CCD7 /* Project object */;
			proxyType = 1;
			remoteGlobalIDString = F557831621E3523A00E9A8C7;
			remoteInfo = Example;
		};
/* End PBXContainerItemProxy section */

/* Begin PBXCopyFilesBuildPhase section */
		F557835321E363E800E9A8C7 /* Embed Frameworks */ = {
			isa = PBXCopyFilesBuildPhase;
			buildActionMask = 2147483647;
			dstPath = "";
			dstSubfolderSpec = 10;
			files = (
				F557835021E363E800E9A8C7 /* Swinflate.framework in Embed Frameworks */,
			);
			name = "Embed Frameworks";
			runOnlyForDeploymentPostprocessing = 0;
		};
/* End PBXCopyFilesBuildPhase section */

/* Begin PBXFileReference section */
		F53A93C521CB7A34005ECF25 /* SwinflateTests.xctest */ = {isa = PBXFileReference; explicitFileType = wrapper.cfbundle; includeInIndex = 0; path = SwinflateTests.xctest; sourceTree = BUILT_PRODUCTS_DIR; };
		F53A93C721CB7A34005ECF25 /* SwinflateTests.m */ = {isa = PBXFileReference; lastKnownFileType = sourcecode.c.objc; path = SwinflateTests.m; sourceTree = "<group>"; };
		F53A93C921CB7A34005ECF25 /* Info.plist */ = {isa = PBXFileReference; lastKnownFileType = text.plist.xml; path = Info.plist; sourceTree = "<group>"; };
		F53A93D021CB7A61005ECF25 /* SWInflateLayoutUnitTest.swift */ = {isa = PBXFileReference; lastKnownFileType = sourcecode.swift; path = SWInflateLayoutUnitTest.swift; sourceTree = "<group>"; };
		F53A93D221CB8FD9005ECF25 /* SWHorizontalStackLayout.swift */ = {isa = PBXFileReference; lastKnownFileType = sourcecode.swift; path = SWHorizontalStackLayout.swift; sourceTree = "<group>"; };
		F557831721E3523A00E9A8C7 /* Example.app */ = {isa = PBXFileReference; explicitFileType = wrapper.application; includeInIndex = 0; path = Example.app; sourceTree = BUILT_PRODUCTS_DIR; };
		F557831921E3523A00E9A8C7 /* AppDelegate.swift */ = {isa = PBXFileReference; lastKnownFileType = sourcecode.swift; path = AppDelegate.swift; sourceTree = "<group>"; };
		F557831B21E3523A00E9A8C7 /* MainViewController.swift */ = {isa = PBXFileReference; lastKnownFileType = sourcecode.swift; path = MainViewController.swift; sourceTree = "<group>"; };
		F557831E21E3523A00E9A8C7 /* Base */ = {isa = PBXFileReference; lastKnownFileType = file.storyboard; name = Base; path = Base.lproj/Main.storyboard; sourceTree = "<group>"; };
		F557832021E3523D00E9A8C7 /* Assets.xcassets */ = {isa = PBXFileReference; lastKnownFileType = folder.assetcatalog; path = Assets.xcassets; sourceTree = "<group>"; };
		F557832321E3523D00E9A8C7 /* Base */ = {isa = PBXFileReference; lastKnownFileType = file.storyboard; name = Base; path = Base.lproj/LaunchScreen.storyboard; sourceTree = "<group>"; };
		F557832521E3523D00E9A8C7 /* Info.plist */ = {isa = PBXFileReference; lastKnownFileType = text.plist.xml; path = Info.plist; sourceTree = "<group>"; };
		F557832A21E3523E00E9A8C7 /* ExampleTests.xctest */ = {isa = PBXFileReference; explicitFileType = wrapper.cfbundle; includeInIndex = 0; path = ExampleTests.xctest; sourceTree = BUILT_PRODUCTS_DIR; };
		F557833521E3523E00E9A8C7 /* ExampleUITests.xctest */ = {isa = PBXFileReference; explicitFileType = wrapper.cfbundle; includeInIndex = 0; path = ExampleUITests.xctest; sourceTree = BUILT_PRODUCTS_DIR; };
		F557834521E3592E00E9A8C7 /* SwinflateExample.swift */ = {isa = PBXFileReference; lastKnownFileType = sourcecode.swift; path = SwinflateExample.swift; sourceTree = "<group>"; };
		F557834721E35C2200E9A8C7 /* StackLayoutViewController.swift */ = {isa = PBXFileReference; lastKnownFileType = sourcecode.swift; path = StackLayoutViewController.swift; sourceTree = "<group>"; };
		F557834B21E35C8A00E9A8C7 /* BasicCollectionViewCell.swift */ = {isa = PBXFileReference; lastKnownFileType = sourcecode.swift; path = BasicCollectionViewCell.swift; sourceTree = "<group>"; };
		F557834D21E3616C00E9A8C7 /* UIColor+Extensions.swift */ = {isa = PBXFileReference; lastKnownFileType = sourcecode.swift; path = "UIColor+Extensions.swift"; sourceTree = "<group>"; };
		F557835821E3654E00E9A8C7 /* SwinflateUITests.xctest */ = {isa = PBXFileReference; explicitFileType = wrapper.cfbundle; includeInIndex = 0; path = SwinflateUITests.xctest; sourceTree = BUILT_PRODUCTS_DIR; };
		F557835A21E3654F00E9A8C7 /* SwinflateUITests.swift */ = {isa = PBXFileReference; lastKnownFileType = sourcecode.swift; path = SwinflateUITests.swift; sourceTree = "<group>"; };
		F557835C21E3654F00E9A8C7 /* Info.plist */ = {isa = PBXFileReference; lastKnownFileType = text.plist.xml; path = Info.plist; sourceTree = "<group>"; };
		F557836221E36F1C00E9A8C7 /* InflateLayoutViewController.swift */ = {isa = PBXFileReference; lastKnownFileType = sourcecode.swift; path = InflateLayoutViewController.swift; sourceTree = "<group>"; };
		F5AF55E121C7A8240098CCD7 /* Swinflate.framework */ = {isa = PBXFileReference; explicitFileType = wrapper.framework; includeInIndex = 0; path = Swinflate.framework; sourceTree = BUILT_PRODUCTS_DIR; };
		F5AF55E421C7A8240098CCD7 /* Swinflate.h */ = {isa = PBXFileReference; lastKnownFileType = sourcecode.c.h; path = Swinflate.h; sourceTree = "<group>"; };
		F5AF55E521C7A8240098CCD7 /* Info.plist */ = {isa = PBXFileReference; lastKnownFileType = text.plist.xml; path = Info.plist; sourceTree = "<group>"; };
		F5AF55EC21C7A8BB0098CCD7 /* SWInflateLayout.swift */ = {isa = PBXFileReference; lastKnownFileType = sourcecode.swift; path = SWInflateLayout.swift; sourceTree = "<group>"; };
/* End PBXFileReference section */

/* Begin PBXFrameworksBuildPhase section */
		F53A93C221CB7A34005ECF25 /* Frameworks */ = {
			isa = PBXFrameworksBuildPhase;
			buildActionMask = 2147483647;
			files = (
				F53A93CA21CB7A34005ECF25 /* Swinflate.framework in Frameworks */,
			);
			runOnlyForDeploymentPostprocessing = 0;
		};
		F557831421E3523A00E9A8C7 /* Frameworks */ = {
			isa = PBXFrameworksBuildPhase;
			buildActionMask = 2147483647;
			files = (
				F557834F21E363E800E9A8C7 /* Swinflate.framework in Frameworks */,
				F557834A21E35C6000E9A8C7 /* Swinflate.framework in Frameworks */,
			);
			runOnlyForDeploymentPostprocessing = 0;
		};
		F557832721E3523E00E9A8C7 /* Frameworks */ = {
			isa = PBXFrameworksBuildPhase;
			buildActionMask = 2147483647;
			files = (
			);
			runOnlyForDeploymentPostprocessing = 0;
		};
		F557833221E3523E00E9A8C7 /* Frameworks */ = {
			isa = PBXFrameworksBuildPhase;
			buildActionMask = 2147483647;
			files = (
			);
			runOnlyForDeploymentPostprocessing = 0;
		};
		F557835521E3654E00E9A8C7 /* Frameworks */ = {
			isa = PBXFrameworksBuildPhase;
			buildActionMask = 2147483647;
			files = (
			);
			runOnlyForDeploymentPostprocessing = 0;
		};
		F5AF55DE21C7A8240098CCD7 /* Frameworks */ = {
			isa = PBXFrameworksBuildPhase;
			buildActionMask = 2147483647;
			files = (
			);
			runOnlyForDeploymentPostprocessing = 0;
		};
/* End PBXFrameworksBuildPhase section */

/* Begin PBXGroup section */
		F53A93BD21CB79AA005ECF25 /* Layouts */ = {
			isa = PBXGroup;
			children = (
				F5AF55EC21C7A8BB0098CCD7 /* SWInflateLayout.swift */,
				F53A93D221CB8FD9005ECF25 /* SWHorizontalStackLayout.swift */,
			);
			path = Layouts;
			sourceTree = "<group>";
		};
		F53A93C621CB7A34005ECF25 /* SwinflateTests */ = {
			isa = PBXGroup;
			children = (
				F53A93C721CB7A34005ECF25 /* SwinflateTests.m */,
				F53A93C921CB7A34005ECF25 /* Info.plist */,
				F53A93D021CB7A61005ECF25 /* SWInflateLayoutUnitTest.swift */,
			);
			path = SwinflateTests;
			sourceTree = "<group>";
		};
		F557831821E3523A00E9A8C7 /* Example */ = {
			isa = PBXGroup;
			children = (
				F557831921E3523A00E9A8C7 /* AppDelegate.swift */,
				F557831B21E3523A00E9A8C7 /* MainViewController.swift */,
				F557831D21E3523A00E9A8C7 /* Main.storyboard */,
				F557832021E3523D00E9A8C7 /* Assets.xcassets */,
				F557832221E3523D00E9A8C7 /* LaunchScreen.storyboard */,
				F557832521E3523D00E9A8C7 /* Info.plist */,
				F557834521E3592E00E9A8C7 /* SwinflateExample.swift */,
				F557834721E35C2200E9A8C7 /* StackLayoutViewController.swift */,
				F557834B21E35C8A00E9A8C7 /* BasicCollectionViewCell.swift */,
				F557834D21E3616C00E9A8C7 /* UIColor+Extensions.swift */,
				F557836221E36F1C00E9A8C7 /* InflateLayoutViewController.swift */,
			);
			path = Example;
			sourceTree = "<group>";
		};
		F557834921E35C6000E9A8C7 /* Frameworks */ = {
			isa = PBXGroup;
			children = (
			);
			name = Frameworks;
			sourceTree = "<group>";
		};
		F557835921E3654E00E9A8C7 /* SwinflateUITests */ = {
			isa = PBXGroup;
			children = (
				F557835A21E3654F00E9A8C7 /* SwinflateUITests.swift */,
				F557835C21E3654F00E9A8C7 /* Info.plist */,
			);
			path = SwinflateUITests;
			sourceTree = "<group>";
		};
		F5AF55D721C7A8240098CCD7 = {
			isa = PBXGroup;
			children = (
				F5AF55E321C7A8240098CCD7 /* Swinflate */,
				F53A93C621CB7A34005ECF25 /* SwinflateTests */,
				F557831821E3523A00E9A8C7 /* Example */,
				F557835921E3654E00E9A8C7 /* SwinflateUITests */,
				F5AF55E221C7A8240098CCD7 /* Products */,
				F557834921E35C6000E9A8C7 /* Frameworks */,
			);
			sourceTree = "<group>";
		};
		F5AF55E221C7A8240098CCD7 /* Products */ = {
			isa = PBXGroup;
			children = (
				F5AF55E121C7A8240098CCD7 /* Swinflate.framework */,
				F53A93C521CB7A34005ECF25 /* SwinflateTests.xctest */,
				F557831721E3523A00E9A8C7 /* Example.app */,
				F557832A21E3523E00E9A8C7 /* ExampleTests.xctest */,
				F557833521E3523E00E9A8C7 /* ExampleUITests.xctest */,
				F557835821E3654E00E9A8C7 /* SwinflateUITests.xctest */,
			);
			name = Products;
			sourceTree = "<group>";
		};
		F5AF55E321C7A8240098CCD7 /* Swinflate */ = {
			isa = PBXGroup;
			children = (
				F53A93BD21CB79AA005ECF25 /* Layouts */,
				F5AF55E421C7A8240098CCD7 /* Swinflate.h */,
				F5AF55E521C7A8240098CCD7 /* Info.plist */,
			);
			path = Swinflate;
			sourceTree = "<group>";
		};
/* End PBXGroup section */

/* Begin PBXHeadersBuildPhase section */
		F5AF55DC21C7A8240098CCD7 /* Headers */ = {
			isa = PBXHeadersBuildPhase;
			buildActionMask = 2147483647;
			files = (
				F5AF55E621C7A8240098CCD7 /* Swinflate.h in Headers */,
			);
			runOnlyForDeploymentPostprocessing = 0;
		};
/* End PBXHeadersBuildPhase section */

/* Begin PBXNativeTarget section */
		F53A93C421CB7A34005ECF25 /* SwinflateTests */ = {
			isa = PBXNativeTarget;
			buildConfigurationList = F53A93CD21CB7A34005ECF25 /* Build configuration list for PBXNativeTarget "SwinflateTests" */;
			buildPhases = (
				F53A93C121CB7A34005ECF25 /* Sources */,
				F53A93C221CB7A34005ECF25 /* Frameworks */,
				F53A93C321CB7A34005ECF25 /* Resources */,
			);
			buildRules = (
			);
			dependencies = (
				F53A93CC21CB7A34005ECF25 /* PBXTargetDependency */,
			);
			name = SwinflateTests;
			productName = SwinflateTests;
			productReference = F53A93C521CB7A34005ECF25 /* SwinflateTests.xctest */;
			productType = "com.apple.product-type.bundle.unit-test";
		};
		F557831621E3523A00E9A8C7 /* Example */ = {
			isa = PBXNativeTarget;
			buildConfigurationList = F557834221E3523E00E9A8C7 /* Build configuration list for PBXNativeTarget "Example" */;
			buildPhases = (
				F557831321E3523A00E9A8C7 /* Sources */,
				F557831421E3523A00E9A8C7 /* Frameworks */,
				F557831521E3523A00E9A8C7 /* Resources */,
				F557835321E363E800E9A8C7 /* Embed Frameworks */,
			);
			buildRules = (
			);
			dependencies = (
				F557835221E363E800E9A8C7 /* PBXTargetDependency */,
			);
			name = Example;
			productName = Example;
			productReference = F557831721E3523A00E9A8C7 /* Example.app */;
			productType = "com.apple.product-type.application";
		};
		F557832921E3523E00E9A8C7 /* ExampleTests */ = {
			isa = PBXNativeTarget;
			buildConfigurationList = F557834321E3523E00E9A8C7 /* Build configuration list for PBXNativeTarget "ExampleTests" */;
			buildPhases = (
				F557832621E3523E00E9A8C7 /* Sources */,
				F557832721E3523E00E9A8C7 /* Frameworks */,
				F557832821E3523E00E9A8C7 /* Resources */,
			);
			buildRules = (
			);
			dependencies = (
				F557832C21E3523E00E9A8C7 /* PBXTargetDependency */,
			);
			name = ExampleTests;
			productName = ExampleTests;
			productReference = F557832A21E3523E00E9A8C7 /* ExampleTests.xctest */;
			productType = "com.apple.product-type.bundle.unit-test";
		};
		F557833421E3523E00E9A8C7 /* ExampleUITests */ = {
			isa = PBXNativeTarget;
			buildConfigurationList = F557834421E3523E00E9A8C7 /* Build configuration list for PBXNativeTarget "ExampleUITests" */;
			buildPhases = (
				F557833121E3523E00E9A8C7 /* Sources */,
				F557833221E3523E00E9A8C7 /* Frameworks */,
				F557833321E3523E00E9A8C7 /* Resources */,
			);
			buildRules = (
			);
			dependencies = (
				F557833721E3523E00E9A8C7 /* PBXTargetDependency */,
			);
			name = ExampleUITests;
			productName = ExampleUITests;
			productReference = F557833521E3523E00E9A8C7 /* ExampleUITests.xctest */;
			productType = "com.apple.product-type.bundle.ui-testing";
		};
		F557835721E3654E00E9A8C7 /* SwinflateUITests */ = {
			isa = PBXNativeTarget;
			buildConfigurationList = F557835F21E3654F00E9A8C7 /* Build configuration list for PBXNativeTarget "SwinflateUITests" */;
			buildPhases = (
				F557835421E3654E00E9A8C7 /* Sources */,
				F557835521E3654E00E9A8C7 /* Frameworks */,
				F557835621E3654E00E9A8C7 /* Resources */,
			);
			buildRules = (
			);
			dependencies = (
				F557835E21E3654F00E9A8C7 /* PBXTargetDependency */,
			);
			name = SwinflateUITests;
			productName = SwinflateUITests;
			productReference = F557835821E3654E00E9A8C7 /* SwinflateUITests.xctest */;
			productType = "com.apple.product-type.bundle.ui-testing";
		};
		F5AF55E021C7A8240098CCD7 /* Swinflate */ = {
			isa = PBXNativeTarget;
			buildConfigurationList = F5AF55E921C7A8240098CCD7 /* Build configuration list for PBXNativeTarget "Swinflate" */;
			buildPhases = (
				F5AF55DC21C7A8240098CCD7 /* Headers */,
				F5AF55DD21C7A8240098CCD7 /* Sources */,
				F5AF55DE21C7A8240098CCD7 /* Frameworks */,
				F5AF55DF21C7A8240098CCD7 /* Resources */,
			);
			buildRules = (
			);
			dependencies = (
			);
			name = Swinflate;
			productName = Swinflate;
			productReference = F5AF55E121C7A8240098CCD7 /* Swinflate.framework */;
			productType = "com.apple.product-type.framework";
		};
/* End PBXNativeTarget section */

/* Begin PBXProject section */
		F5AF55D821C7A8240098CCD7 /* Project object */ = {
			isa = PBXProject;
			attributes = {
				LastSwiftUpdateCheck = 1010;
				LastUpgradeCheck = 1010;
				ORGANIZATIONNAME = "Vlad Iacob";
				TargetAttributes = {
					F53A93C421CB7A34005ECF25 = {
						CreatedOnToolsVersion = 10.1;
						LastSwiftMigration = 1010;
					};
					F557831621E3523A00E9A8C7 = {
						CreatedOnToolsVersion = 10.1;
					};
					F557832921E3523E00E9A8C7 = {
						CreatedOnToolsVersion = 10.1;
						TestTargetID = F557831621E3523A00E9A8C7;
					};
					F557833421E3523E00E9A8C7 = {
						CreatedOnToolsVersion = 10.1;
						TestTargetID = F557831621E3523A00E9A8C7;
					};
					F557835721E3654E00E9A8C7 = {
						CreatedOnToolsVersion = 10.1;
						TestTargetID = F557831621E3523A00E9A8C7;
					};
					F5AF55E021C7A8240098CCD7 = {
						CreatedOnToolsVersion = 10.1;
						LastSwiftMigration = 1010;
					};
				};
			};
			buildConfigurationList = F5AF55DB21C7A8240098CCD7 /* Build configuration list for PBXProject "Swinflate" */;
			compatibilityVersion = "Xcode 9.3";
			developmentRegion = en;
			hasScannedForEncodings = 0;
			knownRegions = (
				en,
				Base,
			);
			mainGroup = F5AF55D721C7A8240098CCD7;
			productRefGroup = F5AF55E221C7A8240098CCD7 /* Products */;
			projectDirPath = "";
			projectRoot = "";
			targets = (
				F5AF55E021C7A8240098CCD7 /* Swinflate */,
				F53A93C421CB7A34005ECF25 /* SwinflateTests */,
				F557831621E3523A00E9A8C7 /* Example */,
				F557832921E3523E00E9A8C7 /* ExampleTests */,
				F557833421E3523E00E9A8C7 /* ExampleUITests */,
				F557835721E3654E00E9A8C7 /* SwinflateUITests */,
			);
		};
/* End PBXProject section */

/* Begin PBXResourcesBuildPhase section */
		F53A93C321CB7A34005ECF25 /* Resources */ = {
			isa = PBXResourcesBuildPhase;
			buildActionMask = 2147483647;
			files = (
			);
			runOnlyForDeploymentPostprocessing = 0;
		};
		F557831521E3523A00E9A8C7 /* Resources */ = {
			isa = PBXResourcesBuildPhase;
			buildActionMask = 2147483647;
			files = (
				F557832421E3523D00E9A8C7 /* LaunchScreen.storyboard in Resources */,
				F557832121E3523D00E9A8C7 /* Assets.xcassets in Resources */,
				F557831F21E3523A00E9A8C7 /* Main.storyboard in Resources */,
			);
			runOnlyForDeploymentPostprocessing = 0;
		};
		F557832821E3523E00E9A8C7 /* Resources */ = {
			isa = PBXResourcesBuildPhase;
			buildActionMask = 2147483647;
			files = (
			);
			runOnlyForDeploymentPostprocessing = 0;
		};
		F557833321E3523E00E9A8C7 /* Resources */ = {
			isa = PBXResourcesBuildPhase;
			buildActionMask = 2147483647;
			files = (
			);
			runOnlyForDeploymentPostprocessing = 0;
		};
		F557835621E3654E00E9A8C7 /* Resources */ = {
			isa = PBXResourcesBuildPhase;
			buildActionMask = 2147483647;
			files = (
			);
			runOnlyForDeploymentPostprocessing = 0;
		};
		F5AF55DF21C7A8240098CCD7 /* Resources */ = {
			isa = PBXResourcesBuildPhase;
			buildActionMask = 2147483647;
			files = (
			);
			runOnlyForDeploymentPostprocessing = 0;
		};
/* End PBXResourcesBuildPhase section */

/* Begin PBXSourcesBuildPhase section */
		F53A93C121CB7A34005ECF25 /* Sources */ = {
			isa = PBXSourcesBuildPhase;
			buildActionMask = 2147483647;
			files = (
				F53A93C821CB7A34005ECF25 /* SwinflateTests.m in Sources */,
				F53A93D121CB7A61005ECF25 /* SWInflateLayoutUnitTest.swift in Sources */,
			);
			runOnlyForDeploymentPostprocessing = 0;
		};
		F557831321E3523A00E9A8C7 /* Sources */ = {
			isa = PBXSourcesBuildPhase;
			buildActionMask = 2147483647;
			files = (
				F557834C21E35C8A00E9A8C7 /* BasicCollectionViewCell.swift in Sources */,
				F557834E21E3616C00E9A8C7 /* UIColor+Extensions.swift in Sources */,
				F557831C21E3523A00E9A8C7 /* MainViewController.swift in Sources */,
				F557834821E35C2200E9A8C7 /* StackLayoutViewController.swift in Sources */,
				F557834621E3592E00E9A8C7 /* SwinflateExample.swift in Sources */,
				F557831A21E3523A00E9A8C7 /* AppDelegate.swift in Sources */,
				F557836321E36F1C00E9A8C7 /* InflateLayoutViewController.swift in Sources */,
			);
			runOnlyForDeploymentPostprocessing = 0;
		};
		F557832621E3523E00E9A8C7 /* Sources */ = {
			isa = PBXSourcesBuildPhase;
			buildActionMask = 2147483647;
			files = (
			);
			runOnlyForDeploymentPostprocessing = 0;
		};
		F557833121E3523E00E9A8C7 /* Sources */ = {
			isa = PBXSourcesBuildPhase;
			buildActionMask = 2147483647;
			files = (
			);
			runOnlyForDeploymentPostprocessing = 0;
		};
		F557835421E3654E00E9A8C7 /* Sources */ = {
			isa = PBXSourcesBuildPhase;
			buildActionMask = 2147483647;
			files = (
				F557835B21E3654F00E9A8C7 /* SwinflateUITests.swift in Sources */,
			);
			runOnlyForDeploymentPostprocessing = 0;
		};
		F5AF55DD21C7A8240098CCD7 /* Sources */ = {
			isa = PBXSourcesBuildPhase;
			buildActionMask = 2147483647;
			files = (
				F53A93D321CB8FD9005ECF25 /* SWHorizontalStackLayout.swift in Sources */,
				F52C5E5921C9322200E19FF8 /* SWInflateLayout.swift in Sources */,
			);
			runOnlyForDeploymentPostprocessing = 0;
		};
/* End PBXSourcesBuildPhase section */

/* Begin PBXTargetDependency section */
		F53A93CC21CB7A34005ECF25 /* PBXTargetDependency */ = {
			isa = PBXTargetDependency;
			target = F5AF55E021C7A8240098CCD7 /* Swinflate */;
			targetProxy = F53A93CB21CB7A34005ECF25 /* PBXContainerItemProxy */;
		};
		F557832C21E3523E00E9A8C7 /* PBXTargetDependency */ = {
			isa = PBXTargetDependency;
			target = F557831621E3523A00E9A8C7 /* Example */;
			targetProxy = F557832B21E3523E00E9A8C7 /* PBXContainerItemProxy */;
		};
		F557833721E3523E00E9A8C7 /* PBXTargetDependency */ = {
			isa = PBXTargetDependency;
			target = F557831621E3523A00E9A8C7 /* Example */;
			targetProxy = F557833621E3523E00E9A8C7 /* PBXContainerItemProxy */;
		};
		F557835221E363E800E9A8C7 /* PBXTargetDependency */ = {
			isa = PBXTargetDependency;
			target = F5AF55E021C7A8240098CCD7 /* Swinflate */;
			targetProxy = F557835121E363E800E9A8C7 /* PBXContainerItemProxy */;
		};
		F557835E21E3654F00E9A8C7 /* PBXTargetDependency */ = {
			isa = PBXTargetDependency;
			target = F557831621E3523A00E9A8C7 /* Example */;
			targetProxy = F557835D21E3654F00E9A8C7 /* PBXContainerItemProxy */;
		};
/* End PBXTargetDependency section */

/* Begin PBXVariantGroup section */
		F557831D21E3523A00E9A8C7 /* Main.storyboard */ = {
			isa = PBXVariantGroup;
			children = (
				F557831E21E3523A00E9A8C7 /* Base */,
			);
			name = Main.storyboard;
			sourceTree = "<group>";
		};
		F557832221E3523D00E9A8C7 /* LaunchScreen.storyboard */ = {
			isa = PBXVariantGroup;
			children = (
				F557832321E3523D00E9A8C7 /* Base */,
			);
			name = LaunchScreen.storyboard;
			sourceTree = "<group>";
		};
/* End PBXVariantGroup section */

/* Begin XCBuildConfiguration section */
		F53A93CE21CB7A34005ECF25 /* Debug */ = {
			isa = XCBuildConfiguration;
			buildSettings = {
				ALWAYS_EMBED_SWIFT_STANDARD_LIBRARIES = YES;
				CLANG_ENABLE_MODULES = YES;
				CODE_SIGN_STYLE = Automatic;
				DEVELOPMENT_TEAM = 9298QC9R96;
				INFOPLIST_FILE = SwinflateTests/Info.plist;
				LD_RUNPATH_SEARCH_PATHS = (
					"$(inherited)",
					"@executable_path/Frameworks",
					"@loader_path/Frameworks",
				);
				PRODUCT_BUNDLE_IDENTIFIER = net.p3ds.dobot.SwinflateTests;
				PRODUCT_NAME = "$(TARGET_NAME)";
				SWIFT_OPTIMIZATION_LEVEL = "-Onone";
				SWIFT_VERSION = 4.2;
				TARGETED_DEVICE_FAMILY = "1,2";
			};
			name = Debug;
		};
		F53A93CF21CB7A34005ECF25 /* Release */ = {
			isa = XCBuildConfiguration;
			buildSettings = {
				ALWAYS_EMBED_SWIFT_STANDARD_LIBRARIES = YES;
				CLANG_ENABLE_MODULES = YES;
				CODE_SIGN_STYLE = Automatic;
				DEVELOPMENT_TEAM = 9298QC9R96;
				INFOPLIST_FILE = SwinflateTests/Info.plist;
				LD_RUNPATH_SEARCH_PATHS = (
					"$(inherited)",
					"@executable_path/Frameworks",
					"@loader_path/Frameworks",
				);
				PRODUCT_BUNDLE_IDENTIFIER = net.p3ds.dobot.SwinflateTests;
				PRODUCT_NAME = "$(TARGET_NAME)";
				SWIFT_VERSION = 4.2;
				TARGETED_DEVICE_FAMILY = "1,2";
			};
			name = Release;
		};
		F557833C21E3523E00E9A8C7 /* Debug */ = {
			isa = XCBuildConfiguration;
			buildSettings = {
				ALWAYS_EMBED_SWIFT_STANDARD_LIBRARIES = YES;
				ASSETCATALOG_COMPILER_APPICON_NAME = AppIcon;
				CODE_SIGN_STYLE = Automatic;
				DEVELOPMENT_TEAM = 9298QC9R96;
				INFOPLIST_FILE = Example/Info.plist;
				LD_RUNPATH_SEARCH_PATHS = (
					"$(inherited)",
					"@executable_path/Frameworks",
				);
				PRODUCT_BUNDLE_IDENTIFIER = net.p3ds.Example;
				PRODUCT_NAME = "$(TARGET_NAME)";
				SWIFT_VERSION = 4.2;
				TARGETED_DEVICE_FAMILY = "1,2";
			};
			name = Debug;
		};
		F557833D21E3523E00E9A8C7 /* Release */ = {
			isa = XCBuildConfiguration;
			buildSettings = {
				ALWAYS_EMBED_SWIFT_STANDARD_LIBRARIES = YES;
				ASSETCATALOG_COMPILER_APPICON_NAME = AppIcon;
				CODE_SIGN_STYLE = Automatic;
				DEVELOPMENT_TEAM = 9298QC9R96;
				INFOPLIST_FILE = Example/Info.plist;
				LD_RUNPATH_SEARCH_PATHS = (
					"$(inherited)",
					"@executable_path/Frameworks",
				);
				PRODUCT_BUNDLE_IDENTIFIER = net.p3ds.Example;
				PRODUCT_NAME = "$(TARGET_NAME)";
				SWIFT_VERSION = 4.2;
				TARGETED_DEVICE_FAMILY = "1,2";
			};
			name = Release;
		};
		F557833E21E3523E00E9A8C7 /* Debug */ = {
			isa = XCBuildConfiguration;
			buildSettings = {
				ALWAYS_EMBED_SWIFT_STANDARD_LIBRARIES = YES;
				BUNDLE_LOADER = "$(TEST_HOST)";
				CODE_SIGN_STYLE = Automatic;
				DEVELOPMENT_TEAM = 9298QC9R96;
				INFOPLIST_FILE = ExampleTests/Info.plist;
				LD_RUNPATH_SEARCH_PATHS = (
					"$(inherited)",
					"@executable_path/Frameworks",
					"@loader_path/Frameworks",
				);
				PRODUCT_BUNDLE_IDENTIFIER = net.p3ds.ExampleTests;
				PRODUCT_NAME = "$(TARGET_NAME)";
				SWIFT_VERSION = 4.2;
				TARGETED_DEVICE_FAMILY = "1,2";
				TEST_HOST = "$(BUILT_PRODUCTS_DIR)/Example.app/Example";
			};
			name = Debug;
		};
		F557833F21E3523E00E9A8C7 /* Release */ = {
			isa = XCBuildConfiguration;
			buildSettings = {
				ALWAYS_EMBED_SWIFT_STANDARD_LIBRARIES = YES;
				BUNDLE_LOADER = "$(TEST_HOST)";
				CODE_SIGN_STYLE = Automatic;
				DEVELOPMENT_TEAM = 9298QC9R96;
				INFOPLIST_FILE = ExampleTests/Info.plist;
				LD_RUNPATH_SEARCH_PATHS = (
					"$(inherited)",
					"@executable_path/Frameworks",
					"@loader_path/Frameworks",
				);
				PRODUCT_BUNDLE_IDENTIFIER = net.p3ds.ExampleTests;
				PRODUCT_NAME = "$(TARGET_NAME)";
				SWIFT_VERSION = 4.2;
				TARGETED_DEVICE_FAMILY = "1,2";
				TEST_HOST = "$(BUILT_PRODUCTS_DIR)/Example.app/Example";
			};
			name = Release;
		};
		F557834021E3523E00E9A8C7 /* Debug */ = {
			isa = XCBuildConfiguration;
			buildSettings = {
				ALWAYS_EMBED_SWIFT_STANDARD_LIBRARIES = YES;
				CODE_SIGN_STYLE = Automatic;
				DEVELOPMENT_TEAM = 9298QC9R96;
				INFOPLIST_FILE = ExampleUITests/Info.plist;
				LD_RUNPATH_SEARCH_PATHS = (
					"$(inherited)",
					"@executable_path/Frameworks",
					"@loader_path/Frameworks",
				);
				PRODUCT_BUNDLE_IDENTIFIER = net.p3ds.ExampleUITests;
				PRODUCT_NAME = "$(TARGET_NAME)";
				SWIFT_VERSION = 4.2;
				TARGETED_DEVICE_FAMILY = "1,2";
				TEST_TARGET_NAME = Example;
			};
			name = Debug;
		};
		F557834121E3523E00E9A8C7 /* Release */ = {
			isa = XCBuildConfiguration;
			buildSettings = {
				ALWAYS_EMBED_SWIFT_STANDARD_LIBRARIES = YES;
				CODE_SIGN_STYLE = Automatic;
				DEVELOPMENT_TEAM = 9298QC9R96;
				INFOPLIST_FILE = ExampleUITests/Info.plist;
				LD_RUNPATH_SEARCH_PATHS = (
					"$(inherited)",
					"@executable_path/Frameworks",
					"@loader_path/Frameworks",
				);
				PRODUCT_BUNDLE_IDENTIFIER = net.p3ds.ExampleUITests;
				PRODUCT_NAME = "$(TARGET_NAME)";
				SWIFT_VERSION = 4.2;
				TARGETED_DEVICE_FAMILY = "1,2";
				TEST_TARGET_NAME = Example;
			};
			name = Release;
		};
		F557836021E3654F00E9A8C7 /* Debug */ = {
			isa = XCBuildConfiguration;
			buildSettings = {
				CODE_SIGN_STYLE = Automatic;
				DEVELOPMENT_TEAM = 9298QC9R96;
				INFOPLIST_FILE = SwinflateUITests/Info.plist;
				LD_RUNPATH_SEARCH_PATHS = (
					"$(inherited)",
					"@executable_path/Frameworks",
					"@loader_path/Frameworks",
				);
				PRODUCT_BUNDLE_IDENTIFIER = net.p3ds.SwinflateUITests;
				PRODUCT_NAME = "$(TARGET_NAME)";
				SWIFT_VERSION = 4.2;
				TARGETED_DEVICE_FAMILY = "1,2";
				TEST_TARGET_NAME = Example;
			};
			name = Debug;
		};
		F557836121E3654F00E9A8C7 /* Release */ = {
			isa = XCBuildConfiguration;
			buildSettings = {
				CODE_SIGN_STYLE = Automatic;
				DEVELOPMENT_TEAM = 9298QC9R96;
				INFOPLIST_FILE = SwinflateUITests/Info.plist;
				LD_RUNPATH_SEARCH_PATHS = (
					"$(inherited)",
					"@executable_path/Frameworks",
					"@loader_path/Frameworks",
				);
				PRODUCT_BUNDLE_IDENTIFIER = net.p3ds.SwinflateUITests;
				PRODUCT_NAME = "$(TARGET_NAME)";
				SWIFT_VERSION = 4.2;
				TARGETED_DEVICE_FAMILY = "1,2";
				TEST_TARGET_NAME = Example;
			};
			name = Release;
		};
		F5AF55E721C7A8240098CCD7 /* Debug */ = {
			isa = XCBuildConfiguration;
			buildSettings = {
				ALWAYS_SEARCH_USER_PATHS = NO;
				CLANG_ANALYZER_NONNULL = YES;
				CLANG_ANALYZER_NUMBER_OBJECT_CONVERSION = YES_AGGRESSIVE;
				CLANG_CXX_LANGUAGE_STANDARD = "gnu++14";
				CLANG_CXX_LIBRARY = "libc++";
				CLANG_ENABLE_MODULES = YES;
				CLANG_ENABLE_OBJC_ARC = YES;
				CLANG_ENABLE_OBJC_WEAK = YES;
				CLANG_WARN_BLOCK_CAPTURE_AUTORELEASING = YES;
				CLANG_WARN_BOOL_CONVERSION = YES;
				CLANG_WARN_COMMA = YES;
				CLANG_WARN_CONSTANT_CONVERSION = YES;
				CLANG_WARN_DEPRECATED_OBJC_IMPLEMENTATIONS = YES;
				CLANG_WARN_DIRECT_OBJC_ISA_USAGE = YES_ERROR;
				CLANG_WARN_DOCUMENTATION_COMMENTS = YES;
				CLANG_WARN_EMPTY_BODY = YES;
				CLANG_WARN_ENUM_CONVERSION = YES;
				CLANG_WARN_INFINITE_RECURSION = YES;
				CLANG_WARN_INT_CONVERSION = YES;
				CLANG_WARN_NON_LITERAL_NULL_CONVERSION = YES;
				CLANG_WARN_OBJC_IMPLICIT_RETAIN_SELF = YES;
				CLANG_WARN_OBJC_LITERAL_CONVERSION = YES;
				CLANG_WARN_OBJC_ROOT_CLASS = YES_ERROR;
				CLANG_WARN_RANGE_LOOP_ANALYSIS = YES;
				CLANG_WARN_STRICT_PROTOTYPES = YES;
				CLANG_WARN_SUSPICIOUS_MOVE = YES;
				CLANG_WARN_UNGUARDED_AVAILABILITY = YES_AGGRESSIVE;
				CLANG_WARN_UNREACHABLE_CODE = YES;
				CLANG_WARN__DUPLICATE_METHOD_MATCH = YES;
				CODE_SIGN_IDENTITY = "iPhone Developer";
				COPY_PHASE_STRIP = NO;
				CURRENT_PROJECT_VERSION = 1;
				DEBUG_INFORMATION_FORMAT = dwarf;
				ENABLE_STRICT_OBJC_MSGSEND = YES;
				ENABLE_TESTABILITY = YES;
				GCC_C_LANGUAGE_STANDARD = gnu11;
				GCC_DYNAMIC_NO_PIC = NO;
				GCC_NO_COMMON_BLOCKS = YES;
				GCC_OPTIMIZATION_LEVEL = 0;
				GCC_PREPROCESSOR_DEFINITIONS = (
					"DEBUG=1",
					"$(inherited)",
				);
				GCC_WARN_64_TO_32_BIT_CONVERSION = YES;
				GCC_WARN_ABOUT_RETURN_TYPE = YES_ERROR;
				GCC_WARN_UNDECLARED_SELECTOR = YES;
				GCC_WARN_UNINITIALIZED_AUTOS = YES_AGGRESSIVE;
				GCC_WARN_UNUSED_FUNCTION = YES;
				GCC_WARN_UNUSED_VARIABLE = YES;
				IPHONEOS_DEPLOYMENT_TARGET = 12.1;
				MTL_ENABLE_DEBUG_INFO = INCLUDE_SOURCE;
				MTL_FAST_MATH = YES;
				ONLY_ACTIVE_ARCH = YES;
				SDKROOT = iphoneos;
				SWIFT_ACTIVE_COMPILATION_CONDITIONS = DEBUG;
				SWIFT_OPTIMIZATION_LEVEL = "-Onone";
				VERSIONING_SYSTEM = "apple-generic";
				VERSION_INFO_PREFIX = "";
			};
			name = Debug;
		};
		F5AF55E821C7A8240098CCD7 /* Release */ = {
			isa = XCBuildConfiguration;
			buildSettings = {
				ALWAYS_SEARCH_USER_PATHS = NO;
				CLANG_ANALYZER_NONNULL = YES;
				CLANG_ANALYZER_NUMBER_OBJECT_CONVERSION = YES_AGGRESSIVE;
				CLANG_CXX_LANGUAGE_STANDARD = "gnu++14";
				CLANG_CXX_LIBRARY = "libc++";
				CLANG_ENABLE_MODULES = YES;
				CLANG_ENABLE_OBJC_ARC = YES;
				CLANG_ENABLE_OBJC_WEAK = YES;
				CLANG_WARN_BLOCK_CAPTURE_AUTORELEASING = YES;
				CLANG_WARN_BOOL_CONVERSION = YES;
				CLANG_WARN_COMMA = YES;
				CLANG_WARN_CONSTANT_CONVERSION = YES;
				CLANG_WARN_DEPRECATED_OBJC_IMPLEMENTATIONS = YES;
				CLANG_WARN_DIRECT_OBJC_ISA_USAGE = YES_ERROR;
				CLANG_WARN_DOCUMENTATION_COMMENTS = YES;
				CLANG_WARN_EMPTY_BODY = YES;
				CLANG_WARN_ENUM_CONVERSION = YES;
				CLANG_WARN_INFINITE_RECURSION = YES;
				CLANG_WARN_INT_CONVERSION = YES;
				CLANG_WARN_NON_LITERAL_NULL_CONVERSION = YES;
				CLANG_WARN_OBJC_IMPLICIT_RETAIN_SELF = YES;
				CLANG_WARN_OBJC_LITERAL_CONVERSION = YES;
				CLANG_WARN_OBJC_ROOT_CLASS = YES_ERROR;
				CLANG_WARN_RANGE_LOOP_ANALYSIS = YES;
				CLANG_WARN_STRICT_PROTOTYPES = YES;
				CLANG_WARN_SUSPICIOUS_MOVE = YES;
				CLANG_WARN_UNGUARDED_AVAILABILITY = YES_AGGRESSIVE;
				CLANG_WARN_UNREACHABLE_CODE = YES;
				CLANG_WARN__DUPLICATE_METHOD_MATCH = YES;
				CODE_SIGN_IDENTITY = "iPhone Developer";
				COPY_PHASE_STRIP = NO;
				CURRENT_PROJECT_VERSION = 1;
				DEBUG_INFORMATION_FORMAT = "dwarf-with-dsym";
				ENABLE_NS_ASSERTIONS = NO;
				ENABLE_STRICT_OBJC_MSGSEND = YES;
				GCC_C_LANGUAGE_STANDARD = gnu11;
				GCC_NO_COMMON_BLOCKS = YES;
				GCC_WARN_64_TO_32_BIT_CONVERSION = YES;
				GCC_WARN_ABOUT_RETURN_TYPE = YES_ERROR;
				GCC_WARN_UNDECLARED_SELECTOR = YES;
				GCC_WARN_UNINITIALIZED_AUTOS = YES_AGGRESSIVE;
				GCC_WARN_UNUSED_FUNCTION = YES;
				GCC_WARN_UNUSED_VARIABLE = YES;
				IPHONEOS_DEPLOYMENT_TARGET = 12.1;
				MTL_ENABLE_DEBUG_INFO = NO;
				MTL_FAST_MATH = YES;
				SDKROOT = iphoneos;
				SWIFT_COMPILATION_MODE = wholemodule;
				SWIFT_OPTIMIZATION_LEVEL = "-O";
				VALIDATE_PRODUCT = YES;
				VERSIONING_SYSTEM = "apple-generic";
				VERSION_INFO_PREFIX = "";
			};
			name = Release;
		};
		F5AF55EA21C7A8240098CCD7 /* Debug */ = {
			isa = XCBuildConfiguration;
			buildSettings = {
				CLANG_ENABLE_MODULES = YES;
				CODE_SIGN_IDENTITY = "";
				CODE_SIGN_STYLE = Automatic;
				DEFINES_MODULE = YES;
				DEVELOPMENT_TEAM = 9298QC9R96;
				DYLIB_COMPATIBILITY_VERSION = 1;
				DYLIB_CURRENT_VERSION = 1;
				DYLIB_INSTALL_NAME_BASE = "@rpath";
				INFOPLIST_FILE = Swinflate/Info.plist;
				INSTALL_PATH = "$(LOCAL_LIBRARY_DIR)/Frameworks";
				IPHONEOS_DEPLOYMENT_TARGET = 11.0;
				LD_RUNPATH_SEARCH_PATHS = (
					"$(inherited)",
					"@executable_path/Frameworks",
					"@loader_path/Frameworks",
				);
				PRODUCT_BUNDLE_IDENTIFIER = com.vladi.Swinflate;
				PRODUCT_NAME = "$(TARGET_NAME:c99extidentifier)";
				SKIP_INSTALL = YES;
				SWIFT_OPTIMIZATION_LEVEL = "-Onone";
				SWIFT_VERSION = 4.2;
				TARGETED_DEVICE_FAMILY = "1,2";
			};
			name = Debug;
		};
		F5AF55EB21C7A8240098CCD7 /* Release */ = {
			isa = XCBuildConfiguration;
			buildSettings = {
				CLANG_ENABLE_MODULES = YES;
				CODE_SIGN_IDENTITY = "";
				CODE_SIGN_STYLE = Automatic;
				DEFINES_MODULE = YES;
				DEVELOPMENT_TEAM = 9298QC9R96;
				DYLIB_COMPATIBILITY_VERSION = 1;
				DYLIB_CURRENT_VERSION = 1;
				DYLIB_INSTALL_NAME_BASE = "@rpath";
				INFOPLIST_FILE = Swinflate/Info.plist;
				INSTALL_PATH = "$(LOCAL_LIBRARY_DIR)/Frameworks";
				IPHONEOS_DEPLOYMENT_TARGET = 11.0;
				LD_RUNPATH_SEARCH_PATHS = (
					"$(inherited)",
					"@executable_path/Frameworks",
					"@loader_path/Frameworks",
				);
				PRODUCT_BUNDLE_IDENTIFIER = com.vladi.Swinflate;
				PRODUCT_NAME = "$(TARGET_NAME:c99extidentifier)";
				SKIP_INSTALL = YES;
				SWIFT_VERSION = 4.2;
				TARGETED_DEVICE_FAMILY = "1,2";
			};
			name = Release;
		};
/* End XCBuildConfiguration section */

/* Begin XCConfigurationList section */
		F53A93CD21CB7A34005ECF25 /* Build configuration list for PBXNativeTarget "SwinflateTests" */ = {
			isa = XCConfigurationList;
			buildConfigurations = (
				F53A93CE21CB7A34005ECF25 /* Debug */,
				F53A93CF21CB7A34005ECF25 /* Release */,
			);
			defaultConfigurationIsVisible = 0;
			defaultConfigurationName = Release;
		};
		F557834221E3523E00E9A8C7 /* Build configuration list for PBXNativeTarget "Example" */ = {
			isa = XCConfigurationList;
			buildConfigurations = (
				F557833C21E3523E00E9A8C7 /* Debug */,
				F557833D21E3523E00E9A8C7 /* Release */,
			);
			defaultConfigurationIsVisible = 0;
			defaultConfigurationName = Release;
		};
		F557834321E3523E00E9A8C7 /* Build configuration list for PBXNativeTarget "ExampleTests" */ = {
			isa = XCConfigurationList;
			buildConfigurations = (
				F557833E21E3523E00E9A8C7 /* Debug */,
				F557833F21E3523E00E9A8C7 /* Release */,
			);
			defaultConfigurationIsVisible = 0;
			defaultConfigurationName = Release;
		};
		F557834421E3523E00E9A8C7 /* Build configuration list for PBXNativeTarget "ExampleUITests" */ = {
			isa = XCConfigurationList;
			buildConfigurations = (
				F557834021E3523E00E9A8C7 /* Debug */,
				F557834121E3523E00E9A8C7 /* Release */,
			);
			defaultConfigurationIsVisible = 0;
			defaultConfigurationName = Release;
		};
		F557835F21E3654F00E9A8C7 /* Build configuration list for PBXNativeTarget "SwinflateUITests" */ = {
			isa = XCConfigurationList;
			buildConfigurations = (
				F557836021E3654F00E9A8C7 /* Debug */,
				F557836121E3654F00E9A8C7 /* Release */,
			);
			defaultConfigurationIsVisible = 0;
			defaultConfigurationName = Release;
		};
		F5AF55DB21C7A8240098CCD7 /* Build configuration list for PBXProject "Swinflate" */ = {
			isa = XCConfigurationList;
			buildConfigurations = (
				F5AF55E721C7A8240098CCD7 /* Debug */,
				F5AF55E821C7A8240098CCD7 /* Release */,
			);
			defaultConfigurationIsVisible = 0;
			defaultConfigurationName = Release;
		};
		F5AF55E921C7A8240098CCD7 /* Build configuration list for PBXNativeTarget "Swinflate" */ = {
			isa = XCConfigurationList;
			buildConfigurations = (
				F5AF55EA21C7A8240098CCD7 /* Debug */,
				F5AF55EB21C7A8240098CCD7 /* Release */,
			);
			defaultConfigurationIsVisible = 0;
			defaultConfigurationName = Release;
		};
/* End XCConfigurationList section */
	};
	rootObject = F5AF55D821C7A8240098CCD7 /* Project object */;
}
